// !$*UTF8*$!
{
	archiveVersion = 1;
	classes = {
	};
	objectVersion = 56;
	objects = {

/* Begin PBXBuildFile section */
		2707B80529E8A50100728026 /* HeaderView.swift in Sources */ = {isa = PBXBuildFile; fileRef = 2707B80429E8A50100728026 /* HeaderView.swift */; };
		2707B80629E8A50100728026 /* HeaderView.swift in Sources */ = {isa = PBXBuildFile; fileRef = 2707B80429E8A50100728026 /* HeaderView.swift */; };
		2707B80729E8A50100728026 /* HeaderView.swift in Sources */ = {isa = PBXBuildFile; fileRef = 2707B80429E8A50100728026 /* HeaderView.swift */; };
		2707B80929E8A80A00728026 /* CategoryListItemView.swift in Sources */ = {isa = PBXBuildFile; fileRef = 2707B80829E8A80A00728026 /* CategoryListItemView.swift */; };
		2707B80A29E8A80A00728026 /* CategoryListItemView.swift in Sources */ = {isa = PBXBuildFile; fileRef = 2707B80829E8A80A00728026 /* CategoryListItemView.swift */; };
		2707B80B29E8A80A00728026 /* CategoryListItemView.swift in Sources */ = {isa = PBXBuildFile; fileRef = 2707B80829E8A80A00728026 /* CategoryListItemView.swift */; };
		2707B80D29E8AADB00728026 /* CategoryListView.swift in Sources */ = {isa = PBXBuildFile; fileRef = 2707B80C29E8AADB00728026 /* CategoryListView.swift */; };
		2707B80E29E8AADB00728026 /* CategoryListView.swift in Sources */ = {isa = PBXBuildFile; fileRef = 2707B80C29E8AADB00728026 /* CategoryListView.swift */; };
		2707B80F29E8AADB00728026 /* CategoryListView.swift in Sources */ = {isa = PBXBuildFile; fileRef = 2707B80C29E8AADB00728026 /* CategoryListView.swift */; };
		2707B81129E8B38300728026 /* CampsiteListItemView.swift in Sources */ = {isa = PBXBuildFile; fileRef = 2707B81029E8B38300728026 /* CampsiteListItemView.swift */; };
		2707B81229E8B38300728026 /* CampsiteListItemView.swift in Sources */ = {isa = PBXBuildFile; fileRef = 2707B81029E8B38300728026 /* CampsiteListItemView.swift */; };
		2707B81329E8B38300728026 /* CampsiteListItemView.swift in Sources */ = {isa = PBXBuildFile; fileRef = 2707B81029E8B38300728026 /* CampsiteListItemView.swift */; };
		270EE5D429E42C7A00EEDF00 /* category.json in Resources */ = {isa = PBXBuildFile; fileRef = 27223A0C29E41C160015B291 /* category.json */; };
		2712B5BC29EA9AA400C7D7D0 /* CampsiteDetailView.swift in Sources */ = {isa = PBXBuildFile; fileRef = 2712B5BB29EA9AA400C7D7D0 /* CampsiteDetailView.swift */; };
		2712B5BD29EA9AA400C7D7D0 /* CampsiteDetailView.swift in Sources */ = {isa = PBXBuildFile; fileRef = 2712B5BB29EA9AA400C7D7D0 /* CampsiteDetailView.swift */; };
		2712B5BE29EA9AA400C7D7D0 /* CampsiteDetailView.swift in Sources */ = {isa = PBXBuildFile; fileRef = 2712B5BB29EA9AA400C7D7D0 /* CampsiteDetailView.swift */; };
		2712B5C429EAF04D00C7D7D0 /* ViewOnMapButtonView.swift in Sources */ = {isa = PBXBuildFile; fileRef = 2712B5C329EAF04D00C7D7D0 /* ViewOnMapButtonView.swift */; };
		2712B5C529EAF04D00C7D7D0 /* ViewOnMapButtonView.swift in Sources */ = {isa = PBXBuildFile; fileRef = 2712B5C329EAF04D00C7D7D0 /* ViewOnMapButtonView.swift */; };
		2712B5C629EAF04D00C7D7D0 /* ViewOnMapButtonView.swift in Sources */ = {isa = PBXBuildFile; fileRef = 2712B5C329EAF04D00C7D7D0 /* ViewOnMapButtonView.swift */; };
		2712B5C829EAF16E00C7D7D0 /* PlanNewTripButtonView.swift in Sources */ = {isa = PBXBuildFile; fileRef = 2712B5C729EAF16E00C7D7D0 /* PlanNewTripButtonView.swift */; };
		2712B5C929EAF16E00C7D7D0 /* PlanNewTripButtonView.swift in Sources */ = {isa = PBXBuildFile; fileRef = 2712B5C729EAF16E00C7D7D0 /* PlanNewTripButtonView.swift */; };
		2712B5CA29EAF16E00C7D7D0 /* PlanNewTripButtonView.swift in Sources */ = {isa = PBXBuildFile; fileRef = 2712B5C729EAF16E00C7D7D0 /* PlanNewTripButtonView.swift */; };
		272239F329DEDC070015B291 /* CategoryModel.swift in Sources */ = {isa = PBXBuildFile; fileRef = 272239F229DEDC070015B291 /* CategoryModel.swift */; };
		272239F429DEDC070015B291 /* CategoryModel.swift in Sources */ = {isa = PBXBuildFile; fileRef = 272239F229DEDC070015B291 /* CategoryModel.swift */; };
		272239F529DEDC070015B291 /* CategoryModel.swift in Sources */ = {isa = PBXBuildFile; fileRef = 272239F229DEDC070015B291 /* CategoryModel.swift */; };
		27223A0029E4103E0015B291 /* CampsiteListView.swift in Sources */ = {isa = PBXBuildFile; fileRef = 272239FF29E4103E0015B291 /* CampsiteListView.swift */; };
		27223A0129E4103E0015B291 /* CampsiteListView.swift in Sources */ = {isa = PBXBuildFile; fileRef = 272239FF29E4103E0015B291 /* CampsiteListView.swift */; };
		27223A0229E4103E0015B291 /* CampsiteListView.swift in Sources */ = {isa = PBXBuildFile; fileRef = 272239FF29E4103E0015B291 /* CampsiteListView.swift */; };
		27223A0F29E41CDE0015B291 /* Constant.swift in Sources */ = {isa = PBXBuildFile; fileRef = 27223A0E29E41CDE0015B291 /* Constant.swift */; };
		27223A1029E41CDE0015B291 /* Constant.swift in Sources */ = {isa = PBXBuildFile; fileRef = 27223A0E29E41CDE0015B291 /* Constant.swift */; };
		27223A1129E41CDE0015B291 /* Constant.swift in Sources */ = {isa = PBXBuildFile; fileRef = 27223A0E29E41CDE0015B291 /* Constant.swift */; };
		2787216D29EC20E50000BE8E /* FavoriteManager.swift in Sources */ = {isa = PBXBuildFile; fileRef = 2787216C29EC20E50000BE8E /* FavoriteManager.swift */; };
		2787216E29EC20E50000BE8E /* FavoriteManager.swift in Sources */ = {isa = PBXBuildFile; fileRef = 2787216C29EC20E50000BE8E /* FavoriteManager.swift */; };
		2787216F29EC20E50000BE8E /* FavoriteManager.swift in Sources */ = {isa = PBXBuildFile; fileRef = 2787216C29EC20E50000BE8E /* FavoriteManager.swift */; };
		2787217229EC25AF0000BE8E /* FavoriteItemView.swift in Sources */ = {isa = PBXBuildFile; fileRef = 2787217129EC25AF0000BE8E /* FavoriteItemView.swift */; };
		2787217329EC25AF0000BE8E /* FavoriteItemView.swift in Sources */ = {isa = PBXBuildFile; fileRef = 2787217129EC25AF0000BE8E /* FavoriteItemView.swift */; };
		2787217429EC25AF0000BE8E /* FavoriteItemView.swift in Sources */ = {isa = PBXBuildFile; fileRef = 2787217129EC25AF0000BE8E /* FavoriteItemView.swift */; };
		2787CFD629DAFDD1000B4865 /* HomeView.swift in Sources */ = {isa = PBXBuildFile; fileRef = 2787CFD529DAFDD1000B4865 /* HomeView.swift */; };
		2787CFD729DAFDD1000B4865 /* HomeView.swift in Sources */ = {isa = PBXBuildFile; fileRef = 2787CFD529DAFDD1000B4865 /* HomeView.swift */; };
		2787CFD829DAFDD1000B4865 /* HomeView.swift in Sources */ = {isa = PBXBuildFile; fileRef = 2787CFD529DAFDD1000B4865 /* HomeView.swift */; };
		2787CFDA29DAFDE7000B4865 /* FavoriteView.swift in Sources */ = {isa = PBXBuildFile; fileRef = 2787CFD929DAFDE7000B4865 /* FavoriteView.swift */; };
		2787CFDB29DAFDE7000B4865 /* FavoriteView.swift in Sources */ = {isa = PBXBuildFile; fileRef = 2787CFD929DAFDE7000B4865 /* FavoriteView.swift */; };
		2787CFDC29DAFDE7000B4865 /* FavoriteView.swift in Sources */ = {isa = PBXBuildFile; fileRef = 2787CFD929DAFDE7000B4865 /* FavoriteView.swift */; };
		2787CFDE29DAFDF6000B4865 /* TripsView.swift in Sources */ = {isa = PBXBuildFile; fileRef = 2787CFDD29DAFDF6000B4865 /* TripsView.swift */; };
		2787CFDF29DAFDF6000B4865 /* TripsView.swift in Sources */ = {isa = PBXBuildFile; fileRef = 2787CFDD29DAFDF6000B4865 /* TripsView.swift */; };
		2787CFE029DAFDF6000B4865 /* TripsView.swift in Sources */ = {isa = PBXBuildFile; fileRef = 2787CFDD29DAFDF6000B4865 /* TripsView.swift */; };
		2787CFE229DAFE16000B4865 /* AddPlanView.swift in Sources */ = {isa = PBXBuildFile; fileRef = 2787CFE129DAFE16000B4865 /* AddPlanView.swift */; };
		2787CFE329DAFE16000B4865 /* AddPlanView.swift in Sources */ = {isa = PBXBuildFile; fileRef = 2787CFE129DAFE16000B4865 /* AddPlanView.swift */; };
		2787CFE429DAFE16000B4865 /* AddPlanView.swift in Sources */ = {isa = PBXBuildFile; fileRef = 2787CFE129DAFE16000B4865 /* AddPlanView.swift */; };
		66133D9B29DE1FC500FE61AE /* OnBoardView.swift in Sources */ = {isa = PBXBuildFile; fileRef = 66133D9A29DE1FC500FE61AE /* OnBoardView.swift */; };
		66E4E1C829E49AA200A87706 /* MyTripsEmptyView.swift in Sources */ = {isa = PBXBuildFile; fileRef = 66E4E1C729E49AA200A87706 /* MyTripsEmptyView.swift */; };
		66E4E1CB29E543A200A87706 /* OngoingTripCard.swift in Sources */ = {isa = PBXBuildFile; fileRef = 66E4E1CA29E543A200A87706 /* OngoingTripCard.swift */; };
		66E4E1CD29E54B0800A87706 /* PastTripCard.swift in Sources */ = {isa = PBXBuildFile; fileRef = 66E4E1CC29E54B0800A87706 /* PastTripCard.swift */; };
		66E4E1CF29E56A8900A87706 /* MyTripsFilledView.swift in Sources */ = {isa = PBXBuildFile; fileRef = 66E4E1CE29E56A8900A87706 /* MyTripsFilledView.swift */; };
		A156907529D2EE9D00EA3C56 /* CampingApp.swift in Sources */ = {isa = PBXBuildFile; fileRef = A156907429D2EE9D00EA3C56 /* CampingApp.swift */; };
		A156907729D2EE9D00EA3C56 /* ContentView.swift in Sources */ = {isa = PBXBuildFile; fileRef = A156907629D2EE9D00EA3C56 /* ContentView.swift */; };
		A156907929D2EE9E00EA3C56 /* Assets.xcassets in Resources */ = {isa = PBXBuildFile; fileRef = A156907829D2EE9E00EA3C56 /* Assets.xcassets */; };
		A156907C29D2EE9E00EA3C56 /* Preview Assets.xcassets in Resources */ = {isa = PBXBuildFile; fileRef = A156907B29D2EE9E00EA3C56 /* Preview Assets.xcassets */; };
		A156907E29D2EE9E00EA3C56 /* Persistence.swift in Sources */ = {isa = PBXBuildFile; fileRef = A156907D29D2EE9E00EA3C56 /* Persistence.swift */; };
		A156908129D2EE9E00EA3C56 /* camping.xcdatamodeld in Sources */ = {isa = PBXBuildFile; fileRef = A156907F29D2EE9E00EA3C56 /* camping.xcdatamodeld */; };
		A156908B29D2EE9E00EA3C56 /* campingTests.swift in Sources */ = {isa = PBXBuildFile; fileRef = A156908A29D2EE9E00EA3C56 /* campingTests.swift */; };
		A156909529D2EE9F00EA3C56 /* campingUITests.swift in Sources */ = {isa = PBXBuildFile; fileRef = A156909429D2EE9F00EA3C56 /* campingUITests.swift */; };
		A156909729D2EE9F00EA3C56 /* campingUITestsLaunchTests.swift in Sources */ = {isa = PBXBuildFile; fileRef = A156909629D2EE9F00EA3C56 /* campingUITestsLaunchTests.swift */; };
		B305CD9329E44177007781DB /* LocationViewModel.swift in Sources */ = {isa = PBXBuildFile; fileRef = B305CD9229E44177007781DB /* LocationViewModel.swift */; };
		B305CD9529E441F0007781DB /* PermissionView.swift in Sources */ = {isa = PBXBuildFile; fileRef = B305CD9429E441F0007781DB /* PermissionView.swift */; };
		B305CD9729E4420A007781DB /* NavigationTabView.swift in Sources */ = {isa = PBXBuildFile; fileRef = B305CD9629E4420A007781DB /* NavigationTabView.swift */; };
		B309AFCE29DDC27500C44BC4 /* HomeViewModel.swift in Sources */ = {isa = PBXBuildFile; fileRef = B309AFCD29DDC27500C44BC4 /* HomeViewModel.swift */; };
		B309AFD129DDC29F00C44BC4 /* CampingSiteData.swift in Sources */ = {isa = PBXBuildFile; fileRef = B309AFD029DDC29F00C44BC4 /* CampingSiteData.swift */; };
		B309AFD429DDC30A00C44BC4 /* Service.swift in Sources */ = {isa = PBXBuildFile; fileRef = B309AFD329DDC30A00C44BC4 /* Service.swift */; };
		B3C028BD29E99BCA00DDBF06 /* SearchView.swift in Sources */ = {isa = PBXBuildFile; fileRef = B3C028BC29E99BCA00DDBF06 /* SearchView.swift */; };
		B3C028BF29E9AA5C00DDBF06 /* SearchViewModel.swift in Sources */ = {isa = PBXBuildFile; fileRef = B3C028BE29E9AA5C00DDBF06 /* SearchViewModel.swift */; };
		B3C028C229E9B7E900DDBF06 /* CityListItemView.swift in Sources */ = {isa = PBXBuildFile; fileRef = B3C028C129E9B7E900DDBF06 /* CityListItemView.swift */; };
		B3C028C429E9C29800DDBF06 /* CampingSitesFilteredByCityListView.swift in Sources */ = {isa = PBXBuildFile; fileRef = B3C028C329E9C29800DDBF06 /* CampingSitesFilteredByCityListView.swift */; };
		B3C028C629E9CB5C00DDBF06 /* HeaderHomePageView.swift in Sources */ = {isa = PBXBuildFile; fileRef = B3C028C529E9CB5C00DDBF06 /* HeaderHomePageView.swift */; };
		B3D6C9D929E4448D00232B53 /* CampingSite.xcdatamodeld in Sources */ = {isa = PBXBuildFile; fileRef = B3D6C9D729E4448D00232B53 /* CampingSite.xcdatamodeld */; };
		B3D6C9DB29E445E600232B53 /* PersistenceController.swift in Sources */ = {isa = PBXBuildFile; fileRef = B3D6C9DA29E445E600232B53 /* PersistenceController.swift */; };
		B3DD53A229E4710500EC7620 /* AddPlanViewModel.swift in Sources */ = {isa = PBXBuildFile; fileRef = B3DD53A129E4710500EC7620 /* AddPlanViewModel.swift */; };
		B3DD53A429E471C800EC7620 /* AddPlanModel.swift in Sources */ = {isa = PBXBuildFile; fileRef = B3DD53A329E471C800EC7620 /* AddPlanModel.swift */; };
/* End PBXBuildFile section */

/* Begin PBXContainerItemProxy section */
		A156908729D2EE9E00EA3C56 /* PBXContainerItemProxy */ = {
			isa = PBXContainerItemProxy;
			containerPortal = A156906929D2EE9D00EA3C56 /* Project object */;
			proxyType = 1;
			remoteGlobalIDString = A156907029D2EE9D00EA3C56;
			remoteInfo = camping;
		};
		A156909129D2EE9F00EA3C56 /* PBXContainerItemProxy */ = {
			isa = PBXContainerItemProxy;
			containerPortal = A156906929D2EE9D00EA3C56 /* Project object */;
			proxyType = 1;
			remoteGlobalIDString = A156907029D2EE9D00EA3C56;
			remoteInfo = camping;
		};
/* End PBXContainerItemProxy section */

/* Begin PBXFileReference section */
		2707B80429E8A50100728026 /* HeaderView.swift */ = {isa = PBXFileReference; lastKnownFileType = sourcecode.swift; path = HeaderView.swift; sourceTree = "<group>"; };
		2707B80829E8A80A00728026 /* CategoryListItemView.swift */ = {isa = PBXFileReference; lastKnownFileType = sourcecode.swift; path = CategoryListItemView.swift; sourceTree = "<group>"; };
		2707B80C29E8AADB00728026 /* CategoryListView.swift */ = {isa = PBXFileReference; lastKnownFileType = sourcecode.swift; path = CategoryListView.swift; sourceTree = "<group>"; };
		2707B81029E8B38300728026 /* CampsiteListItemView.swift */ = {isa = PBXFileReference; lastKnownFileType = sourcecode.swift; path = CampsiteListItemView.swift; sourceTree = "<group>"; };
		2712B5BB29EA9AA400C7D7D0 /* CampsiteDetailView.swift */ = {isa = PBXFileReference; fileEncoding = 4; lastKnownFileType = sourcecode.swift; path = CampsiteDetailView.swift; sourceTree = "<group>"; };
		2712B5C329EAF04D00C7D7D0 /* ViewOnMapButtonView.swift */ = {isa = PBXFileReference; lastKnownFileType = sourcecode.swift; path = ViewOnMapButtonView.swift; sourceTree = "<group>"; };
		2712B5C729EAF16E00C7D7D0 /* PlanNewTripButtonView.swift */ = {isa = PBXFileReference; lastKnownFileType = sourcecode.swift; path = PlanNewTripButtonView.swift; sourceTree = "<group>"; };
		272239F229DEDC070015B291 /* CategoryModel.swift */ = {isa = PBXFileReference; lastKnownFileType = sourcecode.swift; path = CategoryModel.swift; sourceTree = "<group>"; };
		272239FF29E4103E0015B291 /* CampsiteListView.swift */ = {isa = PBXFileReference; lastKnownFileType = sourcecode.swift; path = CampsiteListView.swift; sourceTree = "<group>"; };
		27223A0C29E41C160015B291 /* category.json */ = {isa = PBXFileReference; lastKnownFileType = text.json; path = category.json; sourceTree = "<group>"; };
		27223A0E29E41CDE0015B291 /* Constant.swift */ = {isa = PBXFileReference; lastKnownFileType = sourcecode.swift; path = Constant.swift; sourceTree = "<group>"; };
		2787216C29EC20E50000BE8E /* FavoriteManager.swift */ = {isa = PBXFileReference; lastKnownFileType = sourcecode.swift; path = FavoriteManager.swift; sourceTree = "<group>"; };
		2787217129EC25AF0000BE8E /* FavoriteItemView.swift */ = {isa = PBXFileReference; lastKnownFileType = sourcecode.swift; path = FavoriteItemView.swift; sourceTree = "<group>"; };
		2787CFD529DAFDD1000B4865 /* HomeView.swift */ = {isa = PBXFileReference; lastKnownFileType = sourcecode.swift; path = HomeView.swift; sourceTree = "<group>"; };
		2787CFD929DAFDE7000B4865 /* FavoriteView.swift */ = {isa = PBXFileReference; lastKnownFileType = sourcecode.swift; path = FavoriteView.swift; sourceTree = "<group>"; };
		2787CFDD29DAFDF6000B4865 /* TripsView.swift */ = {isa = PBXFileReference; lastKnownFileType = sourcecode.swift; path = TripsView.swift; sourceTree = "<group>"; };
		2787CFE129DAFE16000B4865 /* AddPlanView.swift */ = {isa = PBXFileReference; lastKnownFileType = sourcecode.swift; path = AddPlanView.swift; sourceTree = "<group>"; };
		66133D9A29DE1FC500FE61AE /* OnBoardView.swift */ = {isa = PBXFileReference; lastKnownFileType = sourcecode.swift; path = OnBoardView.swift; sourceTree = "<group>"; };
		66E4E1C729E49AA200A87706 /* MyTripsEmptyView.swift */ = {isa = PBXFileReference; lastKnownFileType = sourcecode.swift; path = MyTripsEmptyView.swift; sourceTree = "<group>"; };
		66E4E1CA29E543A200A87706 /* OngoingTripCard.swift */ = {isa = PBXFileReference; lastKnownFileType = sourcecode.swift; path = OngoingTripCard.swift; sourceTree = "<group>"; };
		66E4E1CC29E54B0800A87706 /* PastTripCard.swift */ = {isa = PBXFileReference; lastKnownFileType = sourcecode.swift; path = PastTripCard.swift; sourceTree = "<group>"; };
		66E4E1CE29E56A8900A87706 /* MyTripsFilledView.swift */ = {isa = PBXFileReference; lastKnownFileType = sourcecode.swift; path = MyTripsFilledView.swift; sourceTree = "<group>"; };
		A156907129D2EE9D00EA3C56 /* camping.app */ = {isa = PBXFileReference; explicitFileType = wrapper.application; includeInIndex = 0; path = camping.app; sourceTree = BUILT_PRODUCTS_DIR; };
		A156907429D2EE9D00EA3C56 /* CampingApp.swift */ = {isa = PBXFileReference; lastKnownFileType = sourcecode.swift; path = CampingApp.swift; sourceTree = "<group>"; };
		A156907629D2EE9D00EA3C56 /* ContentView.swift */ = {isa = PBXFileReference; lastKnownFileType = sourcecode.swift; path = ContentView.swift; sourceTree = "<group>"; };
		A156907829D2EE9E00EA3C56 /* Assets.xcassets */ = {isa = PBXFileReference; lastKnownFileType = folder.assetcatalog; path = Assets.xcassets; sourceTree = "<group>"; };
		A156907B29D2EE9E00EA3C56 /* Preview Assets.xcassets */ = {isa = PBXFileReference; lastKnownFileType = folder.assetcatalog; path = "Preview Assets.xcassets"; sourceTree = "<group>"; };
		A156907D29D2EE9E00EA3C56 /* Persistence.swift */ = {isa = PBXFileReference; lastKnownFileType = sourcecode.swift; path = Persistence.swift; sourceTree = "<group>"; };
		A156908029D2EE9E00EA3C56 /* camping.xcdatamodel */ = {isa = PBXFileReference; lastKnownFileType = wrapper.xcdatamodel; path = camping.xcdatamodel; sourceTree = "<group>"; };
		A156908629D2EE9E00EA3C56 /* campingTests.xctest */ = {isa = PBXFileReference; explicitFileType = wrapper.cfbundle; includeInIndex = 0; path = campingTests.xctest; sourceTree = BUILT_PRODUCTS_DIR; };
		A156908A29D2EE9E00EA3C56 /* campingTests.swift */ = {isa = PBXFileReference; lastKnownFileType = sourcecode.swift; path = campingTests.swift; sourceTree = "<group>"; };
		A156909029D2EE9F00EA3C56 /* campingUITests.xctest */ = {isa = PBXFileReference; explicitFileType = wrapper.cfbundle; includeInIndex = 0; path = campingUITests.xctest; sourceTree = BUILT_PRODUCTS_DIR; };
		A156909429D2EE9F00EA3C56 /* campingUITests.swift */ = {isa = PBXFileReference; lastKnownFileType = sourcecode.swift; path = campingUITests.swift; sourceTree = "<group>"; };
		A156909629D2EE9F00EA3C56 /* campingUITestsLaunchTests.swift */ = {isa = PBXFileReference; lastKnownFileType = sourcecode.swift; path = campingUITestsLaunchTests.swift; sourceTree = "<group>"; };
		B305CD9229E44177007781DB /* LocationViewModel.swift */ = {isa = PBXFileReference; lastKnownFileType = sourcecode.swift; path = LocationViewModel.swift; sourceTree = "<group>"; };
		B305CD9429E441F0007781DB /* PermissionView.swift */ = {isa = PBXFileReference; lastKnownFileType = sourcecode.swift; path = PermissionView.swift; sourceTree = "<group>"; };
		B305CD9629E4420A007781DB /* NavigationTabView.swift */ = {isa = PBXFileReference; lastKnownFileType = sourcecode.swift; path = NavigationTabView.swift; sourceTree = "<group>"; };
		B309AFCD29DDC27500C44BC4 /* HomeViewModel.swift */ = {isa = PBXFileReference; lastKnownFileType = sourcecode.swift; path = HomeViewModel.swift; sourceTree = "<group>"; };
		B309AFD029DDC29F00C44BC4 /* CampingSiteData.swift */ = {isa = PBXFileReference; lastKnownFileType = sourcecode.swift; path = CampingSiteData.swift; sourceTree = "<group>"; };
		B309AFD329DDC30A00C44BC4 /* Service.swift */ = {isa = PBXFileReference; lastKnownFileType = sourcecode.swift; path = Service.swift; sourceTree = "<group>"; };
		B397B80B29DC4C6700F37807 /* Info.plist */ = {isa = PBXFileReference; lastKnownFileType = text.plist; path = Info.plist; sourceTree = "<group>"; };
		B3C028BC29E99BCA00DDBF06 /* SearchView.swift */ = {isa = PBXFileReference; lastKnownFileType = sourcecode.swift; path = SearchView.swift; sourceTree = "<group>"; };
		B3C028BE29E9AA5C00DDBF06 /* SearchViewModel.swift */ = {isa = PBXFileReference; lastKnownFileType = sourcecode.swift; path = SearchViewModel.swift; sourceTree = "<group>"; };
		B3C028C129E9B7E900DDBF06 /* CityListItemView.swift */ = {isa = PBXFileReference; lastKnownFileType = sourcecode.swift; path = CityListItemView.swift; sourceTree = "<group>"; };
		B3C028C329E9C29800DDBF06 /* CampingSitesFilteredByCityListView.swift */ = {isa = PBXFileReference; lastKnownFileType = sourcecode.swift; path = CampingSitesFilteredByCityListView.swift; sourceTree = "<group>"; };
		B3C028C529E9CB5C00DDBF06 /* HeaderHomePageView.swift */ = {isa = PBXFileReference; lastKnownFileType = sourcecode.swift; path = HeaderHomePageView.swift; sourceTree = "<group>"; };
		B3D6C9D829E4448D00232B53 /* CampingSite.xcdatamodel */ = {isa = PBXFileReference; lastKnownFileType = wrapper.xcdatamodel; path = CampingSite.xcdatamodel; sourceTree = "<group>"; };
		B3D6C9DA29E445E600232B53 /* PersistenceController.swift */ = {isa = PBXFileReference; lastKnownFileType = sourcecode.swift; path = PersistenceController.swift; sourceTree = "<group>"; };
		B3DD53A129E4710500EC7620 /* AddPlanViewModel.swift */ = {isa = PBXFileReference; lastKnownFileType = sourcecode.swift; path = AddPlanViewModel.swift; sourceTree = "<group>"; };
		B3DD53A329E471C800EC7620 /* AddPlanModel.swift */ = {isa = PBXFileReference; lastKnownFileType = sourcecode.swift; path = AddPlanModel.swift; sourceTree = "<group>"; };
/* End PBXFileReference section */

/* Begin PBXFrameworksBuildPhase section */
		A156906E29D2EE9D00EA3C56 /* Frameworks */ = {
			isa = PBXFrameworksBuildPhase;
			buildActionMask = 2147483647;
			files = (
			);
			runOnlyForDeploymentPostprocessing = 0;
		};
		A156908329D2EE9E00EA3C56 /* Frameworks */ = {
			isa = PBXFrameworksBuildPhase;
			buildActionMask = 2147483647;
			files = (
			);
			runOnlyForDeploymentPostprocessing = 0;
		};
		A156908D29D2EE9E00EA3C56 /* Frameworks */ = {
			isa = PBXFrameworksBuildPhase;
			buildActionMask = 2147483647;
			files = (
			);
			runOnlyForDeploymentPostprocessing = 0;
		};
/* End PBXFrameworksBuildPhase section */

/* Begin PBXGroup section */
		2707B80329E8A4E800728026 /* CommonViews */ = {
			isa = PBXGroup;
			children = (
				2707B80429E8A50100728026 /* HeaderView.swift */,
				2712B5C329EAF04D00C7D7D0 /* ViewOnMapButtonView.swift */,
				2712B5C729EAF16E00C7D7D0 /* PlanNewTripButtonView.swift */,
			);
			path = CommonViews;
			sourceTree = "<group>";
		};
		272239FA29E40A5F0015B291 /* HomeViews */ = {
			isa = PBXGroup;
			children = (
				2712B5BB29EA9AA400C7D7D0 /* CampsiteDetailView.swift */,
				272239FF29E4103E0015B291 /* CampsiteListView.swift */,
				2707B80829E8A80A00728026 /* CategoryListItemView.swift */,
				2707B80C29E8AADB00728026 /* CategoryListView.swift */,
				2707B81029E8B38300728026 /* CampsiteListItemView.swift */,
				B3C028C529E9CB5C00DDBF06 /* HeaderHomePageView.swift */,
			);
			path = HomeViews;
			sourceTree = "<group>";
		};
		27223A0729E41A870015B291 /* Data */ = {
			isa = PBXGroup;
			children = (
				27223A0C29E41C160015B291 /* category.json */,
			);
			path = Data;
			sourceTree = "<group>";
		};
		27223A0D29E41CC40015B291 /* Utility */ = {
			isa = PBXGroup;
			children = (
				27223A0E29E41CDE0015B291 /* Constant.swift */,
			);
			path = Utility;
			sourceTree = "<group>";
		};
		2768543429EA984A00F6EBF5 /* Recovered References */ = {
			isa = PBXGroup;
			children = (
			);
			name = "Recovered References";
			sourceTree = "<group>";
		};
		2787217029EC25820000BE8E /* FavoriteViews */ = {
			isa = PBXGroup;
			children = (
				2787217129EC25AF0000BE8E /* FavoriteItemView.swift */,
			);
			path = FavoriteViews;
			sourceTree = "<group>";
		};
		2787CFD429DAFD7C000B4865 /* Views */ = {
			isa = PBXGroup;
			children = (
				2787217029EC25820000BE8E /* FavoriteViews */,
				B3C028C029E9B7AF00DDBF06 /* SearchViews */,
				2707B80329E8A4E800728026 /* CommonViews */,
				66133D9A29DE1FC500FE61AE /* OnBoardView.swift */,
				2787CFD929DAFDE7000B4865 /* FavoriteView.swift */,
				2787CFDD29DAFDF6000B4865 /* TripsView.swift */,
				2787CFE129DAFE16000B4865 /* AddPlanView.swift */,
				B305CD9429E441F0007781DB /* PermissionView.swift */,
				B305CD9629E4420A007781DB /* NavigationTabView.swift */,
				2787CFD529DAFDD1000B4865 /* HomeView.swift */,
				272239FA29E40A5F0015B291 /* HomeViews */,
				66E4E1C729E49AA200A87706 /* MyTripsEmptyView.swift */,
				66E4E1CE29E56A8900A87706 /* MyTripsFilledView.swift */,
			);
			path = Views;
			sourceTree = "<group>";
		};
		66E4E1C929E5438900A87706 /* MyTripCards */ = {
			isa = PBXGroup;
			children = (
				66E4E1CA29E543A200A87706 /* OngoingTripCard.swift */,
				66E4E1CC29E54B0800A87706 /* PastTripCard.swift */,
			);
			path = MyTripCards;
			sourceTree = "<group>";
		};
		A156906829D2EE9D00EA3C56 = {
			isa = PBXGroup;
			children = (
				A156907329D2EE9D00EA3C56 /* camping */,
				A156908929D2EE9E00EA3C56 /* campingTests */,
				A156909329D2EE9F00EA3C56 /* campingUITests */,
				A156907229D2EE9D00EA3C56 /* Products */,
				2768543429EA984A00F6EBF5 /* Recovered References */,
			);
			sourceTree = "<group>";
		};
		A156907229D2EE9D00EA3C56 /* Products */ = {
			isa = PBXGroup;
			children = (
				A156907129D2EE9D00EA3C56 /* camping.app */,
				A156908629D2EE9E00EA3C56 /* campingTests.xctest */,
				A156909029D2EE9F00EA3C56 /* campingUITests.xctest */,
			);
			name = Products;
			sourceTree = "<group>";
		};
		A156907329D2EE9D00EA3C56 /* camping */ = {
			isa = PBXGroup;
			children = (
				66E4E1C929E5438900A87706 /* MyTripCards */,
				B3D6C9D629E4446C00232B53 /* CoreData */,
				27223A0D29E41CC40015B291 /* Utility */,
				27223A0729E41A870015B291 /* Data */,
				B309AFD229DDC2E500C44BC4 /* Services */,
				B309AFCF29DDC28200C44BC4 /* Model */,
				B309AFCC29DDC24800C44BC4 /* ViewModel */,
				B397B80B29DC4C6700F37807 /* Info.plist */,
				2787CFD429DAFD7C000B4865 /* Views */,
				A156907429D2EE9D00EA3C56 /* CampingApp.swift */,
				A156907629D2EE9D00EA3C56 /* ContentView.swift */,
				A156907829D2EE9E00EA3C56 /* Assets.xcassets */,
				A156907D29D2EE9E00EA3C56 /* Persistence.swift */,
				A156907F29D2EE9E00EA3C56 /* camping.xcdatamodeld */,
				A156907A29D2EE9E00EA3C56 /* Preview Content */,
			);
			path = camping;
			sourceTree = "<group>";
		};
		A156907A29D2EE9E00EA3C56 /* Preview Content */ = {
			isa = PBXGroup;
			children = (
				A156907B29D2EE9E00EA3C56 /* Preview Assets.xcassets */,
			);
			path = "Preview Content";
			sourceTree = "<group>";
		};
		A156908929D2EE9E00EA3C56 /* campingTests */ = {
			isa = PBXGroup;
			children = (
				A156908A29D2EE9E00EA3C56 /* campingTests.swift */,
			);
			path = campingTests;
			sourceTree = "<group>";
		};
		A156909329D2EE9F00EA3C56 /* campingUITests */ = {
			isa = PBXGroup;
			children = (
				A156909429D2EE9F00EA3C56 /* campingUITests.swift */,
				A156909629D2EE9F00EA3C56 /* campingUITestsLaunchTests.swift */,
			);
			path = campingUITests;
			sourceTree = "<group>";
		};
		B309AFCC29DDC24800C44BC4 /* ViewModel */ = {
			isa = PBXGroup;
			children = (
				B309AFCD29DDC27500C44BC4 /* HomeViewModel.swift */,
				B305CD9229E44177007781DB /* LocationViewModel.swift */,
				B3DD53A129E4710500EC7620 /* AddPlanViewModel.swift */,
				B3C028BE29E9AA5C00DDBF06 /* SearchViewModel.swift */,
				2787216C29EC20E50000BE8E /* FavoriteManager.swift */,
			);
			path = ViewModel;
			sourceTree = "<group>";
		};
		B309AFCF29DDC28200C44BC4 /* Model */ = {
			isa = PBXGroup;
			children = (
				B309AFD029DDC29F00C44BC4 /* CampingSiteData.swift */,
				272239F229DEDC070015B291 /* CategoryModel.swift */,
				B3DD53A329E471C800EC7620 /* AddPlanModel.swift */,
			);
			path = Model;
			sourceTree = "<group>";
		};
		B309AFD229DDC2E500C44BC4 /* Services */ = {
			isa = PBXGroup;
			children = (
				B309AFD329DDC30A00C44BC4 /* Service.swift */,
			);
			path = Services;
			sourceTree = "<group>";
		};
		B3C028C029E9B7AF00DDBF06 /* SearchViews */ = {
			isa = PBXGroup;
			children = (
				B3C028BC29E99BCA00DDBF06 /* SearchView.swift */,
				B3C028C129E9B7E900DDBF06 /* CityListItemView.swift */,
				B3C028C329E9C29800DDBF06 /* CampingSitesFilteredByCityListView.swift */,
			);
			path = SearchViews;
			sourceTree = "<group>";
		};
		B3D6C9D629E4446C00232B53 /* CoreData */ = {
			isa = PBXGroup;
			children = (
				B3D6C9D729E4448D00232B53 /* CampingSite.xcdatamodeld */,
				B3D6C9DA29E445E600232B53 /* PersistenceController.swift */,
			);
			path = CoreData;
			sourceTree = "<group>";
		};
/* End PBXGroup section */

/* Begin PBXNativeTarget section */
		A156907029D2EE9D00EA3C56 /* camping */ = {
			isa = PBXNativeTarget;
			buildConfigurationList = A156909A29D2EE9F00EA3C56 /* Build configuration list for PBXNativeTarget "camping" */;
			buildPhases = (
				A156906D29D2EE9D00EA3C56 /* Sources */,
				A156906E29D2EE9D00EA3C56 /* Frameworks */,
				A156906F29D2EE9D00EA3C56 /* Resources */,
			);
			buildRules = (
			);
			dependencies = (
			);
			name = camping;
			productName = camping;
			productReference = A156907129D2EE9D00EA3C56 /* camping.app */;
			productType = "com.apple.product-type.application";
		};
		A156908529D2EE9E00EA3C56 /* campingTests */ = {
			isa = PBXNativeTarget;
			buildConfigurationList = A156909D29D2EE9F00EA3C56 /* Build configuration list for PBXNativeTarget "campingTests" */;
			buildPhases = (
				A156908229D2EE9E00EA3C56 /* Sources */,
				A156908329D2EE9E00EA3C56 /* Frameworks */,
				A156908429D2EE9E00EA3C56 /* Resources */,
			);
			buildRules = (
			);
			dependencies = (
				A156908829D2EE9E00EA3C56 /* PBXTargetDependency */,
			);
			name = campingTests;
			productName = campingTests;
			productReference = A156908629D2EE9E00EA3C56 /* campingTests.xctest */;
			productType = "com.apple.product-type.bundle.unit-test";
		};
		A156908F29D2EE9E00EA3C56 /* campingUITests */ = {
			isa = PBXNativeTarget;
			buildConfigurationList = A15690A029D2EE9F00EA3C56 /* Build configuration list for PBXNativeTarget "campingUITests" */;
			buildPhases = (
				A156908C29D2EE9E00EA3C56 /* Sources */,
				A156908D29D2EE9E00EA3C56 /* Frameworks */,
				A156908E29D2EE9E00EA3C56 /* Resources */,
			);
			buildRules = (
			);
			dependencies = (
				A156909229D2EE9F00EA3C56 /* PBXTargetDependency */,
			);
			name = campingUITests;
			productName = campingUITests;
			productReference = A156909029D2EE9F00EA3C56 /* campingUITests.xctest */;
			productType = "com.apple.product-type.bundle.ui-testing";
		};
/* End PBXNativeTarget section */

/* Begin PBXProject section */
		A156906929D2EE9D00EA3C56 /* Project object */ = {
			isa = PBXProject;
			attributes = {
				BuildIndependentTargetsInParallel = 1;
				LastSwiftUpdateCheck = 1420;
				LastUpgradeCheck = 1420;
				TargetAttributes = {
					A156907029D2EE9D00EA3C56 = {
						CreatedOnToolsVersion = 14.2;
					};
					A156908529D2EE9E00EA3C56 = {
						CreatedOnToolsVersion = 14.2;
						TestTargetID = A156907029D2EE9D00EA3C56;
					};
					A156908F29D2EE9E00EA3C56 = {
						CreatedOnToolsVersion = 14.2;
						TestTargetID = A156907029D2EE9D00EA3C56;
					};
				};
			};
			buildConfigurationList = A156906C29D2EE9D00EA3C56 /* Build configuration list for PBXProject "camping" */;
			compatibilityVersion = "Xcode 14.0";
			developmentRegion = en;
			hasScannedForEncodings = 0;
			knownRegions = (
				en,
				Base,
			);
			mainGroup = A156906829D2EE9D00EA3C56;
			productRefGroup = A156907229D2EE9D00EA3C56 /* Products */;
			projectDirPath = "";
			projectRoot = "";
			targets = (
				A156907029D2EE9D00EA3C56 /* camping */,
				A156908529D2EE9E00EA3C56 /* campingTests */,
				A156908F29D2EE9E00EA3C56 /* campingUITests */,
			);
		};
/* End PBXProject section */

/* Begin PBXResourcesBuildPhase section */
		A156906F29D2EE9D00EA3C56 /* Resources */ = {
			isa = PBXResourcesBuildPhase;
			buildActionMask = 2147483647;
			files = (
				270EE5D429E42C7A00EEDF00 /* category.json in Resources */,
				A156907C29D2EE9E00EA3C56 /* Preview Assets.xcassets in Resources */,
				A156907929D2EE9E00EA3C56 /* Assets.xcassets in Resources */,
			);
			runOnlyForDeploymentPostprocessing = 0;
		};
		A156908429D2EE9E00EA3C56 /* Resources */ = {
			isa = PBXResourcesBuildPhase;
			buildActionMask = 2147483647;
			files = (
			);
			runOnlyForDeploymentPostprocessing = 0;
		};
		A156908E29D2EE9E00EA3C56 /* Resources */ = {
			isa = PBXResourcesBuildPhase;
			buildActionMask = 2147483647;
			files = (
			);
			runOnlyForDeploymentPostprocessing = 0;
		};
/* End PBXResourcesBuildPhase section */

/* Begin PBXSourcesBuildPhase section */
		A156906D29D2EE9D00EA3C56 /* Sources */ = {
			isa = PBXSourcesBuildPhase;
			buildActionMask = 2147483647;
			files = (
				A156907E29D2EE9E00EA3C56 /* Persistence.swift in Sources */,
				B309AFD129DDC29F00C44BC4 /* CampingSiteData.swift in Sources */,
				2712B5BC29EA9AA400C7D7D0 /* CampsiteDetailView.swift in Sources */,
				B309AFD129DDC29F00C44BC4 /* CampingSiteData.swift in Sources */,
				2707B80929E8A80A00728026 /* CategoryListItemView.swift in Sources */,
				66E4E1CD29E54B0800A87706 /* PastTripCard.swift in Sources */,
				B3DD53A429E471C800EC7620 /* AddPlanModel.swift in Sources */,
				27223A0F29E41CDE0015B291 /* Constant.swift in Sources */,
				B309AFD129DDC29F00C44BC4 /* CampingSiteData.swift in Sources */,
				B309AFCE29DDC27500C44BC4 /* HomeViewModel.swift in Sources */,
				B305CD9529E441F0007781DB /* PermissionView.swift in Sources */,
				B3C028BD29E99BCA00DDBF06 /* SearchView.swift in Sources */,
				B3D6C9D929E4448D00232B53 /* CampingSite.xcdatamodeld in Sources */,
				B305CD9729E4420A007781DB /* NavigationTabView.swift in Sources */,
				66133D9B29DE1FC500FE61AE /* OnBoardView.swift in Sources */,
				B3C028BF29E9AA5C00DDBF06 /* SearchViewModel.swift in Sources */,
				B3DD53A229E4710500EC7620 /* AddPlanViewModel.swift in Sources */,
				A156907729D2EE9D00EA3C56 /* ContentView.swift in Sources */,
				66E4E1CF29E56A8900A87706 /* MyTripsFilledView.swift in Sources */,
				2787CFD629DAFDD1000B4865 /* HomeView.swift in Sources */,
				66E4E1C829E49AA200A87706 /* MyTripsEmptyView.swift in Sources */,
				2707B81129E8B38300728026 /* CampsiteListItemView.swift in Sources */,
				2707B80D29E8AADB00728026 /* CategoryListView.swift in Sources */,
				B3C028C629E9CB5C00DDBF06 /* HeaderHomePageView.swift in Sources */,
				66E4E1CB29E543A200A87706 /* OngoingTripCard.swift in Sources */,
				2787216D29EC20E50000BE8E /* FavoriteManager.swift in Sources */,
				2787CFDA29DAFDE7000B4865 /* FavoriteView.swift in Sources */,
				2707B80529E8A50100728026 /* HeaderView.swift in Sources */,
				B3C028C229E9B7E900DDBF06 /* CityListItemView.swift in Sources */,
				B3D6C9DB29E445E600232B53 /* PersistenceController.swift in Sources */,
				2787CFE229DAFE16000B4865 /* AddPlanView.swift in Sources */,
				B305CD9329E44177007781DB /* LocationViewModel.swift in Sources */,
				A156907529D2EE9D00EA3C56 /* CampingApp.swift in Sources */,
				2787CFD629DAFDD1000B4865 /* HomeView.swift in Sources */,
				272239F329DEDC070015B291 /* CategoryModel.swift in Sources */,
				2712B5C829EAF16E00C7D7D0 /* PlanNewTripButtonView.swift in Sources */,
				27223A0029E4103E0015B291 /* CampsiteListView.swift in Sources */,
				B3C028C429E9C29800DDBF06 /* CampingSitesFilteredByCityListView.swift in Sources */,
				2787217229EC25AF0000BE8E /* FavoriteItemView.swift in Sources */,
				B309AFD429DDC30A00C44BC4 /* Service.swift in Sources */,
				A156908129D2EE9E00EA3C56 /* camping.xcdatamodeld in Sources */,
				2787CFDE29DAFDF6000B4865 /* TripsView.swift in Sources */,
				2712B5C429EAF04D00C7D7D0 /* ViewOnMapButtonView.swift in Sources */,
			);
			runOnlyForDeploymentPostprocessing = 0;
		};
		A156908229D2EE9E00EA3C56 /* Sources */ = {
			isa = PBXSourcesBuildPhase;
			buildActionMask = 2147483647;
			files = (
				2787CFDF29DAFDF6000B4865 /* TripsView.swift in Sources */,
				2712B5C929EAF16E00C7D7D0 /* PlanNewTripButtonView.swift in Sources */,
				2787217329EC25AF0000BE8E /* FavoriteItemView.swift in Sources */,
				2787CFDB29DAFDE7000B4865 /* FavoriteView.swift in Sources */,
				2787216E29EC20E50000BE8E /* FavoriteManager.swift in Sources */,
				2707B81229E8B38300728026 /* CampsiteListItemView.swift in Sources */,
				2787CFE329DAFE16000B4865 /* AddPlanView.swift in Sources */,
				2787CFD729DAFDD1000B4865 /* HomeView.swift in Sources */,
				27223A0129E4103E0015B291 /* CampsiteListView.swift in Sources */,
				2707B80A29E8A80A00728026 /* CategoryListItemView.swift in Sources */,
				2707B80E29E8AADB00728026 /* CategoryListView.swift in Sources */,
				2787CFD729DAFDD1000B4865 /* HomeView.swift in Sources */,
				2707B80629E8A50100728026 /* HeaderView.swift in Sources */,
				A156908B29D2EE9E00EA3C56 /* campingTests.swift in Sources */,
				2712B5C529EAF04D00C7D7D0 /* ViewOnMapButtonView.swift in Sources */,
				2712B5BD29EA9AA400C7D7D0 /* CampsiteDetailView.swift in Sources */,
				27223A1029E41CDE0015B291 /* Constant.swift in Sources */,
				272239F429DEDC070015B291 /* CategoryModel.swift in Sources */,
			);
			runOnlyForDeploymentPostprocessing = 0;
		};
		A156908C29D2EE9E00EA3C56 /* Sources */ = {
			isa = PBXSourcesBuildPhase;
			buildActionMask = 2147483647;
			files = (
				2787CFE029DAFDF6000B4865 /* TripsView.swift in Sources */,
				A156909729D2EE9F00EA3C56 /* campingUITestsLaunchTests.swift in Sources */,
				2787CFE429DAFE16000B4865 /* AddPlanView.swift in Sources */,
				2787CFDC29DAFDE7000B4865 /* FavoriteView.swift in Sources */,
				2787CFD829DAFDD1000B4865 /* HomeView.swift in Sources */,
				2707B80F29E8AADB00728026 /* CategoryListView.swift in Sources */,
				27223A0229E4103E0015B291 /* CampsiteListView.swift in Sources */,
				2787217429EC25AF0000BE8E /* FavoriteItemView.swift in Sources */,
				2712B5BE29EA9AA400C7D7D0 /* CampsiteDetailView.swift in Sources */,
				272239F529DEDC070015B291 /* CategoryModel.swift in Sources */,
				27223A1129E41CDE0015B291 /* Constant.swift in Sources */,
				2787CFD829DAFDD1000B4865 /* HomeView.swift in Sources */,
				2707B80B29E8A80A00728026 /* CategoryListItemView.swift in Sources */,
				A156909529D2EE9F00EA3C56 /* campingUITests.swift in Sources */,
				2707B80729E8A50100728026 /* HeaderView.swift in Sources */,
				2707B81329E8B38300728026 /* CampsiteListItemView.swift in Sources */,
				2787216F29EC20E50000BE8E /* FavoriteManager.swift in Sources */,
				2712B5C629EAF04D00C7D7D0 /* ViewOnMapButtonView.swift in Sources */,
				2712B5CA29EAF16E00C7D7D0 /* PlanNewTripButtonView.swift in Sources */,
			);
			runOnlyForDeploymentPostprocessing = 0;
		};
/* End PBXSourcesBuildPhase section */

/* Begin PBXTargetDependency section */
		A156908829D2EE9E00EA3C56 /* PBXTargetDependency */ = {
			isa = PBXTargetDependency;
			target = A156907029D2EE9D00EA3C56 /* camping */;
			targetProxy = A156908729D2EE9E00EA3C56 /* PBXContainerItemProxy */;
		};
		A156909229D2EE9F00EA3C56 /* PBXTargetDependency */ = {
			isa = PBXTargetDependency;
			target = A156907029D2EE9D00EA3C56 /* camping */;
			targetProxy = A156909129D2EE9F00EA3C56 /* PBXContainerItemProxy */;
		};
/* End PBXTargetDependency section */

/* Begin XCBuildConfiguration section */
		A156909829D2EE9F00EA3C56 /* Debug */ = {
			isa = XCBuildConfiguration;
			buildSettings = {
				ALWAYS_SEARCH_USER_PATHS = NO;
				CLANG_ANALYZER_NONNULL = YES;
				CLANG_ANALYZER_NUMBER_OBJECT_CONVERSION = YES_AGGRESSIVE;
				CLANG_CXX_LANGUAGE_STANDARD = "gnu++20";
				CLANG_ENABLE_MODULES = YES;
				CLANG_ENABLE_OBJC_ARC = YES;
				CLANG_ENABLE_OBJC_WEAK = YES;
				CLANG_WARN_BLOCK_CAPTURE_AUTORELEASING = YES;
				CLANG_WARN_BOOL_CONVERSION = YES;
				CLANG_WARN_COMMA = YES;
				CLANG_WARN_CONSTANT_CONVERSION = YES;
				CLANG_WARN_DEPRECATED_OBJC_IMPLEMENTATIONS = YES;
				CLANG_WARN_DIRECT_OBJC_ISA_USAGE = YES_ERROR;
				CLANG_WARN_DOCUMENTATION_COMMENTS = YES;
				CLANG_WARN_EMPTY_BODY = YES;
				CLANG_WARN_ENUM_CONVERSION = YES;
				CLANG_WARN_INFINITE_RECURSION = YES;
				CLANG_WARN_INT_CONVERSION = YES;
				CLANG_WARN_NON_LITERAL_NULL_CONVERSION = YES;
				CLANG_WARN_OBJC_IMPLICIT_RETAIN_SELF = YES;
				CLANG_WARN_OBJC_LITERAL_CONVERSION = YES;
				CLANG_WARN_OBJC_ROOT_CLASS = YES_ERROR;
				CLANG_WARN_QUOTED_INCLUDE_IN_FRAMEWORK_HEADER = YES;
				CLANG_WARN_RANGE_LOOP_ANALYSIS = YES;
				CLANG_WARN_STRICT_PROTOTYPES = YES;
				CLANG_WARN_SUSPICIOUS_MOVE = YES;
				CLANG_WARN_UNGUARDED_AVAILABILITY = YES_AGGRESSIVE;
				CLANG_WARN_UNREACHABLE_CODE = YES;
				CLANG_WARN__DUPLICATE_METHOD_MATCH = YES;
				COPY_PHASE_STRIP = NO;
				DEBUG_INFORMATION_FORMAT = dwarf;
				ENABLE_STRICT_OBJC_MSGSEND = YES;
				ENABLE_TESTABILITY = YES;
				GCC_C_LANGUAGE_STANDARD = gnu11;
				GCC_DYNAMIC_NO_PIC = NO;
				GCC_NO_COMMON_BLOCKS = YES;
				GCC_OPTIMIZATION_LEVEL = 0;
				GCC_PREPROCESSOR_DEFINITIONS = (
					"DEBUG=1",
					"$(inherited)",
				);
				GCC_WARN_64_TO_32_BIT_CONVERSION = YES;
				GCC_WARN_ABOUT_RETURN_TYPE = YES_ERROR;
				GCC_WARN_UNDECLARED_SELECTOR = YES;
				GCC_WARN_UNINITIALIZED_AUTOS = YES_AGGRESSIVE;
				GCC_WARN_UNUSED_FUNCTION = YES;
				GCC_WARN_UNUSED_VARIABLE = YES;
				IPHONEOS_DEPLOYMENT_TARGET = 16.2;
				MTL_ENABLE_DEBUG_INFO = INCLUDE_SOURCE;
				MTL_FAST_MATH = YES;
				ONLY_ACTIVE_ARCH = YES;
				SDKROOT = iphoneos;
				SWIFT_ACTIVE_COMPILATION_CONDITIONS = DEBUG;
				SWIFT_OPTIMIZATION_LEVEL = "-Onone";
			};
			name = Debug;
		};
		A156909929D2EE9F00EA3C56 /* Release */ = {
			isa = XCBuildConfiguration;
			buildSettings = {
				ALWAYS_SEARCH_USER_PATHS = NO;
				CLANG_ANALYZER_NONNULL = YES;
				CLANG_ANALYZER_NUMBER_OBJECT_CONVERSION = YES_AGGRESSIVE;
				CLANG_CXX_LANGUAGE_STANDARD = "gnu++20";
				CLANG_ENABLE_MODULES = YES;
				CLANG_ENABLE_OBJC_ARC = YES;
				CLANG_ENABLE_OBJC_WEAK = YES;
				CLANG_WARN_BLOCK_CAPTURE_AUTORELEASING = YES;
				CLANG_WARN_BOOL_CONVERSION = YES;
				CLANG_WARN_COMMA = YES;
				CLANG_WARN_CONSTANT_CONVERSION = YES;
				CLANG_WARN_DEPRECATED_OBJC_IMPLEMENTATIONS = YES;
				CLANG_WARN_DIRECT_OBJC_ISA_USAGE = YES_ERROR;
				CLANG_WARN_DOCUMENTATION_COMMENTS = YES;
				CLANG_WARN_EMPTY_BODY = YES;
				CLANG_WARN_ENUM_CONVERSION = YES;
				CLANG_WARN_INFINITE_RECURSION = YES;
				CLANG_WARN_INT_CONVERSION = YES;
				CLANG_WARN_NON_LITERAL_NULL_CONVERSION = YES;
				CLANG_WARN_OBJC_IMPLICIT_RETAIN_SELF = YES;
				CLANG_WARN_OBJC_LITERAL_CONVERSION = YES;
				CLANG_WARN_OBJC_ROOT_CLASS = YES_ERROR;
				CLANG_WARN_QUOTED_INCLUDE_IN_FRAMEWORK_HEADER = YES;
				CLANG_WARN_RANGE_LOOP_ANALYSIS = YES;
				CLANG_WARN_STRICT_PROTOTYPES = YES;
				CLANG_WARN_SUSPICIOUS_MOVE = YES;
				CLANG_WARN_UNGUARDED_AVAILABILITY = YES_AGGRESSIVE;
				CLANG_WARN_UNREACHABLE_CODE = YES;
				CLANG_WARN__DUPLICATE_METHOD_MATCH = YES;
				COPY_PHASE_STRIP = NO;
				DEBUG_INFORMATION_FORMAT = "dwarf-with-dsym";
				ENABLE_NS_ASSERTIONS = NO;
				ENABLE_STRICT_OBJC_MSGSEND = YES;
				GCC_C_LANGUAGE_STANDARD = gnu11;
				GCC_NO_COMMON_BLOCKS = YES;
				GCC_WARN_64_TO_32_BIT_CONVERSION = YES;
				GCC_WARN_ABOUT_RETURN_TYPE = YES_ERROR;
				GCC_WARN_UNDECLARED_SELECTOR = YES;
				GCC_WARN_UNINITIALIZED_AUTOS = YES_AGGRESSIVE;
				GCC_WARN_UNUSED_FUNCTION = YES;
				GCC_WARN_UNUSED_VARIABLE = YES;
				IPHONEOS_DEPLOYMENT_TARGET = 16.2;
				MTL_ENABLE_DEBUG_INFO = NO;
				MTL_FAST_MATH = YES;
				SDKROOT = iphoneos;
				SWIFT_COMPILATION_MODE = wholemodule;
				SWIFT_OPTIMIZATION_LEVEL = "-O";
				VALIDATE_PRODUCT = YES;
			};
			name = Release;
		};
		A156909B29D2EE9F00EA3C56 /* Debug */ = {
			isa = XCBuildConfiguration;
			buildSettings = {
				ASSETCATALOG_COMPILER_APPICON_NAME = AppIcon;
				ASSETCATALOG_COMPILER_GLOBAL_ACCENT_COLOR_NAME = AccentColor;
				CODE_SIGN_STYLE = Automatic;
				CURRENT_PROJECT_VERSION = 1;
				DEVELOPMENT_ASSET_PATHS = "\"camping/Preview Content\"";
				ENABLE_PREVIEWS = YES;
				GENERATE_INFOPLIST_FILE = YES;
				INFOPLIST_FILE = camping/Info.plist;
				INFOPLIST_KEY_NSLocationWhenInUseUsageDescription = "This app need your location to run.";
				INFOPLIST_KEY_UIApplicationSceneManifest_Generation = YES;
				INFOPLIST_KEY_UIApplicationSupportsIndirectInputEvents = YES;
				INFOPLIST_KEY_UILaunchScreen_Generation = YES;
				INFOPLIST_KEY_UISupportedInterfaceOrientations_iPad = "UIInterfaceOrientationPortrait UIInterfaceOrientationPortraitUpsideDown UIInterfaceOrientationLandscapeLeft UIInterfaceOrientationLandscapeRight";
				INFOPLIST_KEY_UISupportedInterfaceOrientations_iPhone = "UIInterfaceOrientationPortrait UIInterfaceOrientationLandscapeLeft UIInterfaceOrientationLandscapeRight";
				LD_RUNPATH_SEARCH_PATHS = (
					"$(inherited)",
					"@executable_path/Frameworks",
				);
				MARKETING_VERSION = 1.0;
				PRODUCT_BUNDLE_IDENTIFIER = minions.camping;
				PRODUCT_NAME = "$(TARGET_NAME)";
				SWIFT_EMIT_LOC_STRINGS = YES;
				SWIFT_VERSION = 5.0;
				TARGETED_DEVICE_FAMILY = "1,2";
			};
			name = Debug;
		};
		A156909C29D2EE9F00EA3C56 /* Release */ = {
			isa = XCBuildConfiguration;
			buildSettings = {
				ASSETCATALOG_COMPILER_APPICON_NAME = AppIcon;
				ASSETCATALOG_COMPILER_GLOBAL_ACCENT_COLOR_NAME = AccentColor;
				CODE_SIGN_STYLE = Automatic;
				CURRENT_PROJECT_VERSION = 1;
				DEVELOPMENT_ASSET_PATHS = "\"camping/Preview Content\"";
				ENABLE_PREVIEWS = YES;
				GENERATE_INFOPLIST_FILE = YES;
				INFOPLIST_FILE = camping/Info.plist;
				INFOPLIST_KEY_NSLocationWhenInUseUsageDescription = "This app need your location to run.";
				INFOPLIST_KEY_UIApplicationSceneManifest_Generation = YES;
				INFOPLIST_KEY_UIApplicationSupportsIndirectInputEvents = YES;
				INFOPLIST_KEY_UILaunchScreen_Generation = YES;
				INFOPLIST_KEY_UISupportedInterfaceOrientations_iPad = "UIInterfaceOrientationPortrait UIInterfaceOrientationPortraitUpsideDown UIInterfaceOrientationLandscapeLeft UIInterfaceOrientationLandscapeRight";
				INFOPLIST_KEY_UISupportedInterfaceOrientations_iPhone = "UIInterfaceOrientationPortrait UIInterfaceOrientationLandscapeLeft UIInterfaceOrientationLandscapeRight";
				LD_RUNPATH_SEARCH_PATHS = (
					"$(inherited)",
					"@executable_path/Frameworks",
				);
				MARKETING_VERSION = 1.0;
				PRODUCT_BUNDLE_IDENTIFIER = minions.camping;
				PRODUCT_NAME = "$(TARGET_NAME)";
				SWIFT_EMIT_LOC_STRINGS = YES;
				SWIFT_VERSION = 5.0;
				TARGETED_DEVICE_FAMILY = "1,2";
			};
			name = Release;
		};
		A156909E29D2EE9F00EA3C56 /* Debug */ = {
			isa = XCBuildConfiguration;
			buildSettings = {
				ALWAYS_EMBED_SWIFT_STANDARD_LIBRARIES = YES;
				BUNDLE_LOADER = "$(TEST_HOST)";
				CODE_SIGN_STYLE = Automatic;
				CURRENT_PROJECT_VERSION = 1;
				GENERATE_INFOPLIST_FILE = YES;
				IPHONEOS_DEPLOYMENT_TARGET = 16.2;
				MARKETING_VERSION = 1.0;
				PRODUCT_BUNDLE_IDENTIFIER = minions.campingTests;
				PRODUCT_NAME = "$(TARGET_NAME)";
				SWIFT_EMIT_LOC_STRINGS = NO;
				SWIFT_VERSION = 5.0;
				TARGETED_DEVICE_FAMILY = "1,2";
				TEST_HOST = "$(BUILT_PRODUCTS_DIR)/camping.app/$(BUNDLE_EXECUTABLE_FOLDER_PATH)/camping";
			};
			name = Debug;
		};
		A156909F29D2EE9F00EA3C56 /* Release */ = {
			isa = XCBuildConfiguration;
			buildSettings = {
				ALWAYS_EMBED_SWIFT_STANDARD_LIBRARIES = YES;
				BUNDLE_LOADER = "$(TEST_HOST)";
				CODE_SIGN_STYLE = Automatic;
				CURRENT_PROJECT_VERSION = 1;
				GENERATE_INFOPLIST_FILE = YES;
				IPHONEOS_DEPLOYMENT_TARGET = 16.2;
				MARKETING_VERSION = 1.0;
				PRODUCT_BUNDLE_IDENTIFIER = minions.campingTests;
				PRODUCT_NAME = "$(TARGET_NAME)";
				SWIFT_EMIT_LOC_STRINGS = NO;
				SWIFT_VERSION = 5.0;
				TARGETED_DEVICE_FAMILY = "1,2";
				TEST_HOST = "$(BUILT_PRODUCTS_DIR)/camping.app/$(BUNDLE_EXECUTABLE_FOLDER_PATH)/camping";
			};
			name = Release;
		};
		A15690A129D2EE9F00EA3C56 /* Debug */ = {
			isa = XCBuildConfiguration;
			buildSettings = {
				ALWAYS_EMBED_SWIFT_STANDARD_LIBRARIES = YES;
				CODE_SIGN_STYLE = Automatic;
				CURRENT_PROJECT_VERSION = 1;
				GENERATE_INFOPLIST_FILE = YES;
				MARKETING_VERSION = 1.0;
				PRODUCT_BUNDLE_IDENTIFIER = minions.campingUITests;
				PRODUCT_NAME = "$(TARGET_NAME)";
				SWIFT_EMIT_LOC_STRINGS = NO;
				SWIFT_VERSION = 5.0;
				TARGETED_DEVICE_FAMILY = "1,2";
				TEST_TARGET_NAME = camping;
			};
			name = Debug;
		};
		A15690A229D2EE9F00EA3C56 /* Release */ = {
			isa = XCBuildConfiguration;
			buildSettings = {
				ALWAYS_EMBED_SWIFT_STANDARD_LIBRARIES = YES;
				CODE_SIGN_STYLE = Automatic;
				CURRENT_PROJECT_VERSION = 1;
				GENERATE_INFOPLIST_FILE = YES;
				MARKETING_VERSION = 1.0;
				PRODUCT_BUNDLE_IDENTIFIER = minions.campingUITests;
				PRODUCT_NAME = "$(TARGET_NAME)";
				SWIFT_EMIT_LOC_STRINGS = NO;
				SWIFT_VERSION = 5.0;
				TARGETED_DEVICE_FAMILY = "1,2";
				TEST_TARGET_NAME = camping;
			};
			name = Release;
		};
/* End XCBuildConfiguration section */

/* Begin XCConfigurationList section */
		A156906C29D2EE9D00EA3C56 /* Build configuration list for PBXProject "camping" */ = {
			isa = XCConfigurationList;
			buildConfigurations = (
				A156909829D2EE9F00EA3C56 /* Debug */,
				A156909929D2EE9F00EA3C56 /* Release */,
			);
			defaultConfigurationIsVisible = 0;
			defaultConfigurationName = Release;
		};
		A156909A29D2EE9F00EA3C56 /* Build configuration list for PBXNativeTarget "camping" */ = {
			isa = XCConfigurationList;
			buildConfigurations = (
				A156909B29D2EE9F00EA3C56 /* Debug */,
				A156909C29D2EE9F00EA3C56 /* Release */,
			);
			defaultConfigurationIsVisible = 0;
			defaultConfigurationName = Release;
		};
		A156909D29D2EE9F00EA3C56 /* Build configuration list for PBXNativeTarget "campingTests" */ = {
			isa = XCConfigurationList;
			buildConfigurations = (
				A156909E29D2EE9F00EA3C56 /* Debug */,
				A156909F29D2EE9F00EA3C56 /* Release */,
			);
			defaultConfigurationIsVisible = 0;
			defaultConfigurationName = Release;
		};
		A15690A029D2EE9F00EA3C56 /* Build configuration list for PBXNativeTarget "campingUITests" */ = {
			isa = XCConfigurationList;
			buildConfigurations = (
				A15690A129D2EE9F00EA3C56 /* Debug */,
				A15690A229D2EE9F00EA3C56 /* Release */,
			);
			defaultConfigurationIsVisible = 0;
			defaultConfigurationName = Release;
		};
/* End XCConfigurationList section */

/* Begin XCVersionGroup section */
		A156907F29D2EE9E00EA3C56 /* camping.xcdatamodeld */ = {
			isa = XCVersionGroup;
			children = (
				A156908029D2EE9E00EA3C56 /* camping.xcdatamodel */,
			);
			currentVersion = A156908029D2EE9E00EA3C56 /* camping.xcdatamodel */;
			path = camping.xcdatamodeld;
			sourceTree = "<group>";
			versionGroupType = wrapper.xcdatamodel;
		};
		B3D6C9D729E4448D00232B53 /* CampingSite.xcdatamodeld */ = {
			isa = XCVersionGroup;
			children = (
				B3D6C9D829E4448D00232B53 /* CampingSite.xcdatamodel */,
			);
			currentVersion = B3D6C9D829E4448D00232B53 /* CampingSite.xcdatamodel */;
			path = CampingSite.xcdatamodeld;
			sourceTree = "<group>";
			versionGroupType = wrapper.xcdatamodel;
		};
/* End XCVersionGroup section */
	};
	rootObject = A156906929D2EE9D00EA3C56 /* Project object */;
}
